
Microsoft Visual Studio Solution File, Format Version 12.00
# Visual Studio Version 17
VisualStudioVersion = 17.5.33424.131
MinimumVisualStudioVersion = 10.0.40219.1
Project("{9A19103F-16F7-4668-BE54-9A1E7A4F7556}") = "ExamAPI", "Exam\ExamAPI.csproj", "{814ABDCF-7D16-4969-85B5-199581110690}"
EndProject
Project("{9A19103F-16F7-4668-BE54-9A1E7A4F7556}") = "ExamMVC", "ExamMVC\ExamMVC.csproj", "{122F201C-F31D-43F4-92E9-481FD1687995}"
EndProject
Global
	GlobalSection(SolutionConfigurationPlatforms) = preSolution
		Debug|Any CPU = Debug|Any CPU
		Release|Any CPU = Release|Any CPU
	EndGlobalSection
	GlobalSection(ProjectConfigurationPlatforms) = postSolution
		{814ABDCF-7D16-4969-85B5-199581110690}.Debug|Any CPU.ActiveCfg = Debug|Any CPU
		{814ABDCF-7D16-4969-85B5-199581110690}.Debug|Any CPU.Build.0 = Debug|Any CPU
		{814ABDCF-7D16-4969-85B5-199581110690}.Release|Any CPU.ActiveCfg = Release|Any CPU
		{814ABDCF-7D16-4969-85B5-199581110690}.Release|Any CPU.Build.0 = Release|Any CPU
		{122F201C-F31D-43F4-92E9-481FD1687995}.Debug|Any CPU.ActiveCfg = Debug|Any CPU
		{122F201C-F31D-43F4-92E9-481FD1687995}.Debug|Any CPU.Build.0 = Debug|Any CPU
		{122F201C-F31D-43F4-92E9-481FD1687995}.Release|Any CPU.ActiveCfg = Release|Any CPU
		{122F201C-F31D-43F4-92E9-481FD1687995}.Release|Any CPU.Build.0 = Release|Any CPU
	EndGlobalSection
	GlobalSection(SolutionProperties) = preSolution
		HideSolutionNode = FALSE
	EndGlobalSection
	GlobalSection(ExtensibilityGlobals) = postSolution
		SolutionGuid = {910E9F7A-A0F2-449C-8175-62525B38B706}
	EndGlobalSection
EndGlobal
